
Microsoft Visual Studio Solution File, Format Version 12.00
# Visual Studio Version 17
VisualStudioVersion = 17.5.33502.453
MinimumVisualStudioVersion = 10.0.40219.1
Project("{8BC9CEB8-8B4A-11D0-8D11-00A0C91BC942}") = "ParadigmaOOP", "ParadigmaOOP.vcxproj", "{7B0D5F92-0F71-4EE2-AE76-4087AC5D690F}"
EndProject
Project("{8BC9CEB8-8B4A-11D0-8D11-00A0C91BC942}") = "Asosiasi", "..\Asosiasi\Asosiasi.vcxproj", "{A197D1C5-AD3C-4E9D-9256-F4C0859ABE69}"
EndProject
Project("{8BC9CEB8-8B4A-11D0-8D11-00A0C91BC942}") = "MainAI", "..\MainAI\MainAI.vcxproj", "{DB6D34D4-4B38-4520-A297-9F9495195736}"
EndProject
Global
	GlobalSection(SolutionConfigurationPlatforms) = preSolution
		Debug|x64 = Debug|x64
		Debug|x86 = Debug|x86
		Release|x64 = Release|x64
		Release|x86 = Release|x86
	EndGlobalSection
	GlobalSection(ProjectConfigurationPlatforms) = postSolution
		{7B0D5F92-0F71-4EE2-AE76-4087AC5D690F}.Debug|x64.ActiveCfg = Debug|x64
		{7B0D5F92-0F71-4EE2-AE76-4087AC5D690F}.Debug|x64.Build.0 = Debug|x64
		{7B0D5F92-0F71-4EE2-AE76-4087AC5D690F}.Debug|x86.ActiveCfg = Debug|Win32
		{7B0D5F92-0F71-4EE2-AE76-4087AC5D690F}.Debug|x86.Build.0 = Debug|Win32
		{7B0D5F92-0F71-4EE2-AE76-4087AC5D690F}.Release|x64.ActiveCfg = Release|x64
		{7B0D5F92-0F71-4EE2-AE76-4087AC5D690F}.Release|x64.Build.0 = Release|x64
		{7B0D5F92-0F71-4EE2-AE76-4087AC5D690F}.Release|x86.ActiveCfg = Release|Win32
		{7B0D5F92-0F71-4EE2-AE76-4087AC5D690F}.Release|x86.Build.0 = Release|Win32
		{A197D1C5-AD3C-4E9D-9256-F4C0859ABE69}.Debug|x64.ActiveCfg = Debug|x64
		{A197D1C5-AD3C-4E9D-9256-F4C0859ABE69}.Debug|x64.Build.0 = Debug|x64
		{A197D1C5-AD3C-4E9D-9256-F4C0859ABE69}.Debug|x86.ActiveCfg = Debug|Win32
		{A197D1C5-AD3C-4E9D-9256-F4C0859ABE69}.Debug|x86.Build.0 = Debug|Win32
		{A197D1C5-AD3C-4E9D-9256-F4C0859ABE69}.Release|x64.ActiveCfg = Release|x64
		{A197D1C5-AD3C-4E9D-9256-F4C0859ABE69}.Release|x64.Build.0 = Release|x64
		{A197D1C5-AD3C-4E9D-9256-F4C0859ABE69}.Release|x86.ActiveCfg = Release|Win32
		{A197D1C5-AD3C-4E9D-9256-F4C0859ABE69}.Release|x86.Build.0 = Release|Win32
		{DB6D34D4-4B38-4520-A297-9F9495195736}.Debug|x64.ActiveCfg = Debug|x64
		{DB6D34D4-4B38-4520-A297-9F9495195736}.Debug|x64.Build.0 = Debug|x64
		{DB6D34D4-4B38-4520-A297-9F9495195736}.Debug|x86.ActiveCfg = Debug|Win32
		{DB6D34D4-4B38-4520-A297-9F9495195736}.Debug|x86.Build.0 = Debug|Win32
		{DB6D34D4-4B38-4520-A297-9F9495195736}.Release|x64.ActiveCfg = Release|x64
		{DB6D34D4-4B38-4520-A297-9F9495195736}.Release|x64.Build.0 = Release|x64
		{DB6D34D4-4B38-4520-A297-9F9495195736}.Release|x86.ActiveCfg = Release|Win32
		{DB6D34D4-4B38-4520-A297-9F9495195736}.Release|x86.Build.0 = Release|Win32
	EndGlobalSection
	GlobalSection(SolutionProperties) = preSolution
		HideSolutionNode = FALSE
	EndGlobalSection
	GlobalSection(ExtensibilityGlobals) = postSolution
		SolutionGuid = {47BA6008-9E88-4E92-AB4A-B8127D9ADCE0}
	EndGlobalSection
EndGlobal
